{
  "version": 4,
  "terraform_version": "1.4.0",
  "serial": 62,
  "lineage": "f1ef5c66-f9fe-c3dd-5e65-0baefda8c75a",
  "outputs": {},
  "resources": [
    {
      "module": "module.authors",
      "mode": "managed",
      "type": "aws_dynamodb_table",
      "name": "this",
      "provider": "provider[\"registry.terraform.io/hashicorp/aws\"]",
      "instances": [
        {
          "schema_version": 1,
          "attributes": {
            "arn": "arn:aws:dynamodb:eu-central-1:989248678093:table/dev-cloudtechnologiesproject-lpnu-authors",
            "attribute": [
              {
                "name": "Id",
                "type": "S"
              }
            ],
            "billing_mode": "PAY_PER_REQUEST",
            "deletion_protection_enabled": false,
            "global_secondary_index": [],
            "hash_key": "Id",
            "id": "dev-cloudtechnologiesproject-lpnu-authors",
            "local_secondary_index": [],
            "name": "dev-cloudtechnologiesproject-lpnu-authors",
            "point_in_time_recovery": [
              {
                "enabled": false
              }
            ],
            "range_key": null,
            "read_capacity": 0,
            "replica": [],
            "restore_date_time": null,
            "restore_source_name": null,
            "restore_to_latest_time": null,
            "server_side_encryption": [],
            "stream_arn": "",
            "stream_enabled": false,
            "stream_label": "",
            "stream_view_type": "",
            "table_class": "STANDARD",
            "tags": {},
            "tags_all": {},
            "timeouts": null,
            "ttl": [
              {
                "attribute_name": "",
                "enabled": false
              }
            ],
            "write_capacity": 0
          },
          "sensitive_attributes": [],
          "private": "eyJlMmJmYjczMC1lY2FhLTExZTYtOGY4OC0zNDM2M2JjN2M0YzAiOnsiY3JlYXRlIjoxODAwMDAwMDAwMDAwLCJkZWxldGUiOjYwMDAwMDAwMDAwMCwidXBkYXRlIjozNjAwMDAwMDAwMDAwfSwic2NoZW1hX3ZlcnNpb24iOiIxIn0="
        }
      ]
    },
    {
      "module": "module.courses",
      "mode": "managed",
      "type": "aws_dynamodb_table",
      "name": "this",
      "provider": "provider[\"registry.terraform.io/hashicorp/aws\"]",
      "instances": [
        {
          "schema_version": 1,
          "attributes": {
            "arn": "arn:aws:dynamodb:eu-central-1:989248678093:table/dev-cloudtechnologiesproject-lpnu-courses",
            "attribute": [
              {
                "name": "Id",
                "type": "S"
              }
            ],
            "billing_mode": "PAY_PER_REQUEST",
            "deletion_protection_enabled": false,
            "global_secondary_index": [],
            "hash_key": "Id",
            "id": "dev-cloudtechnologiesproject-lpnu-courses",
            "local_secondary_index": [],
            "name": "dev-cloudtechnologiesproject-lpnu-courses",
            "point_in_time_recovery": [
              {
                "enabled": false
              }
            ],
            "range_key": null,
            "read_capacity": 0,
            "replica": [],
            "restore_date_time": null,
            "restore_source_name": null,
            "restore_to_latest_time": null,
            "server_side_encryption": [],
            "stream_arn": "",
            "stream_enabled": false,
            "stream_label": "",
            "stream_view_type": "",
            "table_class": "STANDARD",
            "tags": {},
            "tags_all": {},
            "timeouts": null,
            "ttl": [
              {
                "attribute_name": "",
                "enabled": false
              }
            ],
            "write_capacity": 0
          },
          "sensitive_attributes": [],
          "private": "eyJlMmJmYjczMC1lY2FhLTExZTYtOGY4OC0zNDM2M2JjN2M0YzAiOnsiY3JlYXRlIjoxODAwMDAwMDAwMDAwLCJkZWxldGUiOjYwMDAwMDAwMDAwMCwidXBkYXRlIjozNjAwMDAwMDAwMDAwfSwic2NoZW1hX3ZlcnNpb24iOiIxIn0="
        }
      ]
    },
    {
      "module": "module.delete-course-lambda",
      "mode": "data",
      "type": "archive_file",
      "name": "lambda_source",
      "provider": "provider[\"registry.terraform.io/hashicorp/archive\"]",
      "instances": [
        {
          "schema_version": 0,
          "attributes": {
            "excludes": null,
            "id": "624422e2c3a302247c2640eb67e861b08f379233",
            "output_base64sha256": "g7XBkpYZmA6vvU/YYxce1Um9wmjLcE62CwNBILi1Bfc=",
            "output_file_mode": null,
            "output_md5": "ad9cbd351e204f1c88592b8e3470aa81",
            "output_path": "./lambda-payloads/delete-course-lambda_payload.zip",
            "output_sha": "624422e2c3a302247c2640eb67e861b08f379233",
            "output_size": 422,
            "source": [],
            "source_content": null,
            "source_content_filename": null,
            "source_dir": null,
            "source_file": "./lambda-sources/delete-course/index.js",
            "type": "zip"
          },
          "sensitive_attributes": []
        }
      ]
    },
    {
      "module": "module.delete-course-lambda",
      "mode": "data",
      "type": "aws_region",
      "name": "current",
      "provider": "provider[\"registry.terraform.io/hashicorp/aws\"]",
      "instances": [
        {
          "schema_version": 0,
          "attributes": {
            "description": "Europe (Frankfurt)",
            "endpoint": "ec2.eu-central-1.amazonaws.com",
            "id": "eu-central-1",
            "name": "eu-central-1"
          },
          "sensitive_attributes": []
        }
      ]
    },
    {
      "module": "module.delete-course-lambda",
      "mode": "managed",
      "type": "aws_lambda_function",
      "name": "lambda",
      "provider": "provider[\"registry.terraform.io/hashicorp/aws\"]",
      "instances": [
        {
          "schema_version": 0,
          "attributes": {
            "architectures": [
              "x86_64"
            ],
            "arn": "arn:aws:lambda:eu-central-1:989248678093:function:dev-cloudtechnologiesproject-lpnu-delete-course-lambda",
            "code_signing_config_arn": "",
            "dead_letter_config": [],
            "description": "",
            "environment": [
              {
                "variables": {
                  "aws_region": "eu-central-1",
                  "table_name": "dev-cloudtechnologiesproject-lpnu-courses"
                }
              }
            ],
            "ephemeral_storage": [
              {
                "size": 512
              }
            ],
            "file_system_config": [],
            "filename": "./lambda-payloads/delete-course-lambda_payload.zip",
            "function_name": "dev-cloudtechnologiesproject-lpnu-delete-course-lambda",
            "handler": "index.handler",
            "id": "dev-cloudtechnologiesproject-lpnu-delete-course-lambda",
            "image_config": [],
            "image_uri": "",
            "invoke_arn": "arn:aws:apigateway:eu-central-1:lambda:path/2015-03-31/functions/arn:aws:lambda:eu-central-1:989248678093:function:dev-cloudtechnologiesproject-lpnu-delete-course-lambda/invocations",
            "kms_key_arn": "",
            "last_modified": "2023-03-26T17:43:50.000+0000",
            "layers": [],
            "memory_size": 128,
            "package_type": "Zip",
            "publish": false,
            "qualified_arn": "arn:aws:lambda:eu-central-1:989248678093:function:dev-cloudtechnologiesproject-lpnu-delete-course-lambda:$LATEST",
            "qualified_invoke_arn": "arn:aws:apigateway:eu-central-1:lambda:path/2015-03-31/functions/arn:aws:lambda:eu-central-1:989248678093:function:dev-cloudtechnologiesproject-lpnu-delete-course-lambda:$LATEST/invocations",
            "replace_security_groups_on_destroy": null,
            "replacement_security_group_ids": null,
            "reserved_concurrent_executions": -1,
            "role": "arn:aws:iam::989248678093:role/dev-cloudtechnologiesproject-lpnu-delete-course-lambda-role",
            "runtime": "nodejs16.x",
            "s3_bucket": null,
            "s3_key": null,
            "s3_object_version": null,
            "signing_job_arn": "",
            "signing_profile_version_arn": "",
            "skip_destroy": false,
            "snap_start": [],
            "source_code_hash": "g7XBkpYZmA6vvU/YYxce1Um9wmjLcE62CwNBILi1Bfc=",
            "source_code_size": 422,
            "tags": {},
            "tags_all": {},
            "timeout": 3,
            "timeouts": null,
            "tracing_config": [
              {
                "mode": "PassThrough"
              }
            ],
            "version": "$LATEST",
            "vpc_config": []
          },
          "sensitive_attributes": [],
          "private": "eyJlMmJmYjczMC1lY2FhLTExZTYtOGY4OC0zNDM2M2JjN2M0YzAiOnsiY3JlYXRlIjo2MDAwMDAwMDAwMDAsImRlbGV0ZSI6NjAwMDAwMDAwMDAwLCJ1cGRhdGUiOjYwMDAwMDAwMDAwMH19",
          "dependencies": [
            "module.courses.aws_dynamodb_table.this",
            "module.delete-course-lambda-role.aws_iam_role.iam_lambda_role",
            "module.delete-course-lambda.data.archive_file.lambda_source",
            "module.delete-course-lambda.data.aws_region.current"
          ]
        }
      ]
    },
    {
      "module": "module.delete-course-lambda-role",
      "mode": "managed",
      "type": "aws_iam_role",
      "name": "iam_lambda_role",
      "provider": "provider[\"registry.terraform.io/hashicorp/aws\"]",
      "instances": [
        {
          "schema_version": 0,
          "attributes": {
            "arn": "arn:aws:iam::989248678093:role/dev-cloudtechnologiesproject-lpnu-delete-course-lambda-role",
            "assume_role_policy": "{\"Statement\":[{\"Action\":\"sts:AssumeRole\",\"Effect\":\"Allow\",\"Principal\":{\"Service\":\"lambda.amazonaws.com\"},\"Sid\":\"\"}],\"Version\":\"2012-10-17\"}",
            "create_date": "2023-03-26T12:56:58Z",
            "description": "",
            "force_detach_policies": false,
            "id": "dev-cloudtechnologiesproject-lpnu-delete-course-lambda-role",
            "inline_policy": [
              {
                "name": "dev-cloudtechnologiesproject-lpnu-delete-course-lambda-role",
                "policy": "{\"Version\":\"2012-10-17\",\"Statement\":[{\"Action\":[\"dynamodb:DeleteItem\"],\"Effect\":\"Allow\",\"Resource\":\"arn:aws:dynamodb:eu-central-1:989248678093:table/dev-cloudtechnologiesproject-lpnu-courses\"}]}"
              }
            ],
            "managed_policy_arns": [],
            "max_session_duration": 3600,
            "name": "dev-cloudtechnologiesproject-lpnu-delete-course-lambda-role",
            "name_prefix": "",
            "path": "/",
            "permissions_boundary": null,
            "tags": {},
            "tags_all": {},
            "unique_id": "AROA6MU6Q5DG7ZSP3ETFJ"
          },
          "sensitive_attributes": [],
          "private": "bnVsbA=="
        }
      ]
    },
    {
      "module": "module.delete-course-lambda-role",
      "mode": "managed",
      "type": "aws_iam_role_policy",
      "name": "iam_lambda_policy",
      "provider": "provider[\"registry.terraform.io/hashicorp/aws\"]",
      "instances": [
        {
          "schema_version": 0,
          "attributes": {
            "id": "dev-cloudtechnologiesproject-lpnu-delete-course-lambda-role:dev-cloudtechnologiesproject-lpnu-delete-course-lambda-role",
            "name": "dev-cloudtechnologiesproject-lpnu-delete-course-lambda-role",
            "name_prefix": null,
            "policy": "{\"Version\":\"2012-10-17\",\"Statement\":[{\"Action\":[\"dynamodb:DeleteItem\"],\"Effect\":\"Allow\",\"Resource\":\"arn:aws:dynamodb:eu-central-1:989248678093:table/dev-cloudtechnologiesproject-lpnu-courses\"}]}",
            "role": "dev-cloudtechnologiesproject-lpnu-delete-course-lambda-role"
          },
          "sensitive_attributes": [],
          "private": "bnVsbA==",
          "dependencies": [
            "module.courses.aws_dynamodb_table.this",
            "module.delete-course-lambda-role.aws_iam_role.iam_lambda_role"
          ]
        }
      ]
    },
    {
      "module": "module.get-all-authors-lambda",
      "mode": "data",
      "type": "archive_file",
      "name": "lambda_source",
      "provider": "provider[\"registry.terraform.io/hashicorp/archive\"]",
      "instances": [
        {
          "schema_version": 0,
          "attributes": {
            "excludes": null,
            "id": "c55d1cbfb292fe809921ce386f58ddc6229f5f4b",
            "output_base64sha256": "AcpYP39o2AzReKpuPkncDrSz6zzKjtxScS4nRS9Gs2w=",
            "output_file_mode": null,
            "output_md5": "b960d71441eadba4947006b1a3c58b5a",
            "output_path": "./lambda-payloads/get-all-authors-lambda_payload.zip",
            "output_sha": "c55d1cbfb292fe809921ce386f58ddc6229f5f4b",
            "output_size": 396,
            "source": [],
            "source_content": null,
            "source_content_filename": null,
            "source_dir": null,
            "source_file": "./lambda-sources/get-all-authors/index.js",
            "type": "zip"
          },
          "sensitive_attributes": []
        }
      ]
    },
    {
      "module": "module.get-all-authors-lambda",
      "mode": "data",
      "type": "aws_region",
      "name": "current",
      "provider": "provider[\"registry.terraform.io/hashicorp/aws\"]",
      "instances": [
        {
          "schema_version": 0,
          "attributes": {
            "description": "Europe (Frankfurt)",
            "endpoint": "ec2.eu-central-1.amazonaws.com",
            "id": "eu-central-1",
            "name": "eu-central-1"
          },
          "sensitive_attributes": []
        }
      ]
    },
    {
      "module": "module.get-all-authors-lambda",
      "mode": "managed",
      "type": "aws_lambda_function",
      "name": "lambda",
      "provider": "provider[\"registry.terraform.io/hashicorp/aws\"]",
      "instances": [
        {
          "schema_version": 0,
          "attributes": {
            "architectures": [
              "x86_64"
            ],
            "arn": "arn:aws:lambda:eu-central-1:989248678093:function:dev-cloudtechnologiesproject-lpnu-get-all-authors-lambda",
            "code_signing_config_arn": "",
            "dead_letter_config": [],
            "description": "",
            "environment": [
              {
                "variables": {
                  "aws_region": "eu-central-1",
                  "table_name": "dev-cloudtechnologiesproject-lpnu-authors"
                }
              }
            ],
            "ephemeral_storage": [
              {
                "size": 512
              }
            ],
            "file_system_config": [],
            "filename": "./lambda-payloads/get-all-authors-lambda_payload.zip",
            "function_name": "dev-cloudtechnologiesproject-lpnu-get-all-authors-lambda",
            "handler": "index.handler",
            "id": "dev-cloudtechnologiesproject-lpnu-get-all-authors-lambda",
            "image_config": [],
            "image_uri": "",
            "invoke_arn": "arn:aws:apigateway:eu-central-1:lambda:path/2015-03-31/functions/arn:aws:lambda:eu-central-1:989248678093:function:dev-cloudtechnologiesproject-lpnu-get-all-authors-lambda/invocations",
            "kms_key_arn": "",
            "last_modified": "2023-03-26T16:25:25.000+0000",
            "layers": [],
            "memory_size": 128,
            "package_type": "Zip",
            "publish": false,
            "qualified_arn": "arn:aws:lambda:eu-central-1:989248678093:function:dev-cloudtechnologiesproject-lpnu-get-all-authors-lambda:$LATEST",
            "qualified_invoke_arn": "arn:aws:apigateway:eu-central-1:lambda:path/2015-03-31/functions/arn:aws:lambda:eu-central-1:989248678093:function:dev-cloudtechnologiesproject-lpnu-get-all-authors-lambda:$LATEST/invocations",
            "replace_security_groups_on_destroy": null,
            "replacement_security_group_ids": null,
            "reserved_concurrent_executions": -1,
            "role": "arn:aws:iam::989248678093:role/dev-cloudtechnologiesproject-lpnu-get-all-authors-lambda-role",
            "runtime": "nodejs16.x",
            "s3_bucket": null,
            "s3_key": null,
            "s3_object_version": null,
            "signing_job_arn": "",
            "signing_profile_version_arn": "",
            "skip_destroy": false,
            "snap_start": [],
            "source_code_hash": "AcpYP39o2AzReKpuPkncDrSz6zzKjtxScS4nRS9Gs2w=",
            "source_code_size": 396,
            "tags": {},
            "tags_all": {},
            "timeout": 3,
            "timeouts": null,
            "tracing_config": [
              {
                "mode": "PassThrough"
              }
            ],
            "version": "$LATEST",
            "vpc_config": []
          },
          "sensitive_attributes": [],
          "private": "eyJlMmJmYjczMC1lY2FhLTExZTYtOGY4OC0zNDM2M2JjN2M0YzAiOnsiY3JlYXRlIjo2MDAwMDAwMDAwMDAsImRlbGV0ZSI6NjAwMDAwMDAwMDAwLCJ1cGRhdGUiOjYwMDAwMDAwMDAwMH19",
          "dependencies": [
            "module.authors.aws_dynamodb_table.this",
            "module.get-all-authors-lambda-role.aws_iam_role.iam_lambda_role",
            "module.get-all-authors-lambda.data.archive_file.lambda_source",
            "module.get-all-authors-lambda.data.aws_region.current"
          ]
        }
      ]
    },
    {
      "module": "module.get-all-authors-lambda-role",
      "mode": "managed",
      "type": "aws_iam_role",
      "name": "iam_lambda_role",
      "provider": "provider[\"registry.terraform.io/hashicorp/aws\"]",
      "instances": [
        {
          "schema_version": 0,
          "attributes": {
            "arn": "arn:aws:iam::989248678093:role/dev-cloudtechnologiesproject-lpnu-get-all-authors-lambda-role",
            "assume_role_policy": "{\"Statement\":[{\"Action\":\"sts:AssumeRole\",\"Effect\":\"Allow\",\"Principal\":{\"Service\":\"lambda.amazonaws.com\"},\"Sid\":\"\"}],\"Version\":\"2012-10-17\"}",
            "create_date": "2023-03-26T12:17:06Z",
            "description": "",
            "force_detach_policies": false,
            "id": "dev-cloudtechnologiesproject-lpnu-get-all-authors-lambda-role",
            "inline_policy": [
              {
                "name": "dev-cloudtechnologiesproject-lpnu-get-all-authors-lambda-role",
                "policy": "{\"Version\":\"2012-10-17\",\"Statement\":[{\"Action\":[\"dynamodb:Scan\"],\"Effect\":\"Allow\",\"Resource\":\"arn:aws:dynamodb:eu-central-1:989248678093:table/dev-cloudtechnologiesproject-lpnu-authors\"}]}"
              }
            ],
            "managed_policy_arns": [],
            "max_session_duration": 3600,
            "name": "dev-cloudtechnologiesproject-lpnu-get-all-authors-lambda-role",
            "name_prefix": "",
            "path": "/",
            "permissions_boundary": null,
            "tags": {},
            "tags_all": {},
            "unique_id": "AROA6MU6Q5DG6VCHZBAX4"
          },
          "sensitive_attributes": [],
          "private": "bnVsbA=="
        }
      ]
    },
    {
      "module": "module.get-all-authors-lambda-role",
      "mode": "managed",
      "type": "aws_iam_role_policy",
      "name": "iam_lambda_policy",
      "provider": "provider[\"registry.terraform.io/hashicorp/aws\"]",
      "instances": [
        {
          "schema_version": 0,
          "attributes": {
            "id": "dev-cloudtechnologiesproject-lpnu-get-all-authors-lambda-role:dev-cloudtechnologiesproject-lpnu-get-all-authors-lambda-role",
            "name": "dev-cloudtechnologiesproject-lpnu-get-all-authors-lambda-role",
            "name_prefix": null,
            "policy": "{\"Version\":\"2012-10-17\",\"Statement\":[{\"Action\":[\"dynamodb:Scan\"],\"Effect\":\"Allow\",\"Resource\":\"arn:aws:dynamodb:eu-central-1:989248678093:table/dev-cloudtechnologiesproject-lpnu-authors\"}]}",
            "role": "dev-cloudtechnologiesproject-lpnu-get-all-authors-lambda-role"
          },
          "sensitive_attributes": [],
          "private": "bnVsbA==",
          "dependencies": [
            "module.authors.aws_dynamodb_table.this",
            "module.get-all-authors-lambda-role.aws_iam_role.iam_lambda_role"
          ]
        }
      ]
    },
    {
      "module": "module.get-all-courses-lambda",
      "mode": "data",
      "type": "archive_file",
      "name": "lambda_source",
      "provider": "provider[\"registry.terraform.io/hashicorp/archive\"]",
      "instances": [
        {
          "schema_version": 0,
          "attributes": {
            "excludes": null,
            "id": "de33e80d89f001fb25a010239ad5225e6ba7493b",
            "output_base64sha256": "ie6mP5QfqGgP3Lp8OL+vW4cjOwEA/L9EjA4jI/v29PY=",
            "output_file_mode": null,
            "output_md5": "c75158265cf799fa2a01d63bdcbadeec",
            "output_path": "./lambda-payloads/get-all-courses-lambda_payload.zip",
            "output_sha": "de33e80d89f001fb25a010239ad5225e6ba7493b",
            "output_size": 494,
            "source": [],
            "source_content": null,
            "source_content_filename": null,
            "source_dir": null,
            "source_file": "./lambda-sources/get-all-courses/index.js",
            "type": "zip"
          },
          "sensitive_attributes": []
        }
      ]
    },
    {
      "module": "module.get-all-courses-lambda",
      "mode": "data",
      "type": "aws_region",
      "name": "current",
      "provider": "provider[\"registry.terraform.io/hashicorp/aws\"]",
      "instances": [
        {
          "schema_version": 0,
          "attributes": {
            "description": "Europe (Frankfurt)",
            "endpoint": "ec2.eu-central-1.amazonaws.com",
            "id": "eu-central-1",
            "name": "eu-central-1"
          },
          "sensitive_attributes": []
        }
      ]
    },
    {
      "module": "module.get-all-courses-lambda",
      "mode": "managed",
      "type": "aws_lambda_function",
      "name": "lambda",
      "provider": "provider[\"registry.terraform.io/hashicorp/aws\"]",
      "instances": [
        {
          "schema_version": 0,
          "attributes": {
            "architectures": [
              "x86_64"
            ],
            "arn": "arn:aws:lambda:eu-central-1:989248678093:function:dev-cloudtechnologiesproject-lpnu-get-all-courses-lambda",
            "code_signing_config_arn": "",
            "dead_letter_config": [],
            "description": "",
            "environment": [
              {
                "variables": {
                  "aws_region": "eu-central-1",
                  "table_name": "dev-cloudtechnologiesproject-lpnu-courses"
                }
              }
            ],
            "ephemeral_storage": [
              {
                "size": 512
              }
            ],
            "file_system_config": [],
            "filename": "./lambda-payloads/get-all-courses-lambda_payload.zip",
            "function_name": "dev-cloudtechnologiesproject-lpnu-get-all-courses-lambda",
            "handler": "index.handler",
            "id": "dev-cloudtechnologiesproject-lpnu-get-all-courses-lambda",
            "image_config": [],
            "image_uri": "",
            "invoke_arn": "arn:aws:apigateway:eu-central-1:lambda:path/2015-03-31/functions/arn:aws:lambda:eu-central-1:989248678093:function:dev-cloudtechnologiesproject-lpnu-get-all-courses-lambda/invocations",
            "kms_key_arn": "",
            "last_modified": "2023-03-26T17:11:35.294+0000",
            "layers": [],
            "memory_size": 128,
            "package_type": "Zip",
            "publish": false,
            "qualified_arn": "arn:aws:lambda:eu-central-1:989248678093:function:dev-cloudtechnologiesproject-lpnu-get-all-courses-lambda:$LATEST",
            "qualified_invoke_arn": "arn:aws:apigateway:eu-central-1:lambda:path/2015-03-31/functions/arn:aws:lambda:eu-central-1:989248678093:function:dev-cloudtechnologiesproject-lpnu-get-all-courses-lambda:$LATEST/invocations",
            "replace_security_groups_on_destroy": null,
            "replacement_security_group_ids": null,
            "reserved_concurrent_executions": -1,
            "role": "arn:aws:iam::989248678093:role/dev-cloudtechnologiesproject-lpnu-get-all-courses-lambda-role",
            "runtime": "nodejs16.x",
            "s3_bucket": null,
            "s3_key": null,
            "s3_object_version": null,
            "signing_job_arn": "",
            "signing_profile_version_arn": "",
            "skip_destroy": false,
            "snap_start": [],
            "source_code_hash": "ie6mP5QfqGgP3Lp8OL+vW4cjOwEA/L9EjA4jI/v29PY=",
            "source_code_size": 494,
            "tags": {},
            "tags_all": {},
            "timeout": 3,
            "timeouts": null,
            "tracing_config": [
              {
                "mode": "PassThrough"
              }
            ],
            "version": "$LATEST",
            "vpc_config": []
          },
          "sensitive_attributes": [],
          "private": "eyJlMmJmYjczMC1lY2FhLTExZTYtOGY4OC0zNDM2M2JjN2M0YzAiOnsiY3JlYXRlIjo2MDAwMDAwMDAwMDAsImRlbGV0ZSI6NjAwMDAwMDAwMDAwLCJ1cGRhdGUiOjYwMDAwMDAwMDAwMH19",
          "dependencies": [
            "module.courses.aws_dynamodb_table.this",
            "module.get-all-courses-lambda-role.aws_iam_role.iam_lambda_role",
            "module.get-all-courses-lambda.data.archive_file.lambda_source",
            "module.get-all-courses-lambda.data.aws_region.current"
          ]
        }
      ]
    },
    {
      "module": "module.get-all-courses-lambda-role",
      "mode": "managed",
      "type": "aws_iam_role",
      "name": "iam_lambda_role",
      "provider": "provider[\"registry.terraform.io/hashicorp/aws\"]",
      "instances": [
        {
          "schema_version": 0,
          "attributes": {
            "arn": "arn:aws:iam::989248678093:role/dev-cloudtechnologiesproject-lpnu-get-all-courses-lambda-role",
            "assume_role_policy": "{\"Statement\":[{\"Action\":\"sts:AssumeRole\",\"Effect\":\"Allow\",\"Principal\":{\"Service\":\"lambda.amazonaws.com\"},\"Sid\":\"\"}],\"Version\":\"2012-10-17\"}",
            "create_date": "2023-03-26T12:51:59Z",
            "description": "",
            "force_detach_policies": false,
            "id": "dev-cloudtechnologiesproject-lpnu-get-all-courses-lambda-role",
            "inline_policy": [
              {
                "name": "dev-cloudtechnologiesproject-lpnu-get-all-courses-lambda-role",
                "policy": "{\"Version\":\"2012-10-17\",\"Statement\":[{\"Action\":[\"dynamodb:Scan\"],\"Effect\":\"Allow\",\"Resource\":\"arn:aws:dynamodb:eu-central-1:989248678093:table/dev-cloudtechnologiesproject-lpnu-courses\"}]}"
              }
            ],
            "managed_policy_arns": [],
            "max_session_duration": 3600,
            "name": "dev-cloudtechnologiesproject-lpnu-get-all-courses-lambda-role",
            "name_prefix": "",
            "path": "/",
            "permissions_boundary": null,
            "tags": {},
            "tags_all": {},
            "unique_id": "AROA6MU6Q5DGX57KE33MR"
          },
          "sensitive_attributes": [],
          "private": "bnVsbA=="
        }
      ]
    },
    {
      "module": "module.get-all-courses-lambda-role",
      "mode": "managed",
      "type": "aws_iam_role_policy",
      "name": "iam_lambda_policy",
      "provider": "provider[\"registry.terraform.io/hashicorp/aws\"]",
      "instances": [
        {
          "schema_version": 0,
          "attributes": {
            "id": "dev-cloudtechnologiesproject-lpnu-get-all-courses-lambda-role:dev-cloudtechnologiesproject-lpnu-get-all-courses-lambda-role",
            "name": "dev-cloudtechnologiesproject-lpnu-get-all-courses-lambda-role",
            "name_prefix": null,
            "policy": "{\"Version\":\"2012-10-17\",\"Statement\":[{\"Action\":[\"dynamodb:Scan\"],\"Effect\":\"Allow\",\"Resource\":\"arn:aws:dynamodb:eu-central-1:989248678093:table/dev-cloudtechnologiesproject-lpnu-courses\"}]}",
            "role": "dev-cloudtechnologiesproject-lpnu-get-all-courses-lambda-role"
          },
          "sensitive_attributes": [],
          "private": "bnVsbA==",
          "dependencies": [
            "module.courses.aws_dynamodb_table.this",
            "module.get-all-courses-lambda-role.aws_iam_role.iam_lambda_role"
          ]
        }
      ]
    },
    {
      "module": "module.get-course-lambda",
      "mode": "data",
      "type": "archive_file",
      "name": "lambda_source",
      "provider": "provider[\"registry.terraform.io/hashicorp/archive\"]",
      "instances": [
        {
          "schema_version": 0,
          "attributes": {
            "excludes": null,
            "id": "4bf91d1e43f089b70a6ebede972d474d123c7eed",
            "output_base64sha256": "DUS7kHeDDaE9Pw3BNpvmy/VE7NLJsfx/OgH2+yfebFg=",
            "output_file_mode": null,
            "output_md5": "09166f132afe6511b2122867ad60c0d8",
            "output_path": "./lambda-payloads/get-course-lambda_payload.zip",
            "output_sha": "4bf91d1e43f089b70a6ebede972d474d123c7eed",
            "output_size": 487,
            "source": [],
            "source_content": null,
            "source_content_filename": null,
            "source_dir": null,
            "source_file": "./lambda-sources/get-course/index.js",
            "type": "zip"
          },
          "sensitive_attributes": []
        }
      ]
    },
    {
      "module": "module.get-course-lambda",
      "mode": "data",
      "type": "aws_region",
      "name": "current",
      "provider": "provider[\"registry.terraform.io/hashicorp/aws\"]",
      "instances": [
        {
          "schema_version": 0,
          "attributes": {
            "description": "Europe (Frankfurt)",
            "endpoint": "ec2.eu-central-1.amazonaws.com",
            "id": "eu-central-1",
            "name": "eu-central-1"
          },
          "sensitive_attributes": []
        }
      ]
    },
    {
      "module": "module.get-course-lambda",
      "mode": "managed",
      "type": "aws_lambda_function",
      "name": "lambda",
      "provider": "provider[\"registry.terraform.io/hashicorp/aws\"]",
      "instances": [
        {
          "schema_version": 0,
          "attributes": {
            "architectures": [
              "x86_64"
            ],
            "arn": "arn:aws:lambda:eu-central-1:989248678093:function:dev-cloudtechnologiesproject-lpnu-get-course-lambda",
            "code_signing_config_arn": "",
            "dead_letter_config": [],
            "description": "",
            "environment": [
              {
                "variables": {
                  "aws_region": "eu-central-1",
                  "table_name": "dev-cloudtechnologiesproject-lpnu-courses"
                }
              }
            ],
            "ephemeral_storage": [
              {
                "size": 512
              }
            ],
            "file_system_config": [],
            "filename": "./lambda-payloads/get-course-lambda_payload.zip",
            "function_name": "dev-cloudtechnologiesproject-lpnu-get-course-lambda",
            "handler": "index.handler",
            "id": "dev-cloudtechnologiesproject-lpnu-get-course-lambda",
            "image_config": [],
            "image_uri": "",
            "invoke_arn": "arn:aws:apigateway:eu-central-1:lambda:path/2015-03-31/functions/arn:aws:lambda:eu-central-1:989248678093:function:dev-cloudtechnologiesproject-lpnu-get-course-lambda/invocations",
            "kms_key_arn": "",
            "last_modified": "2023-03-26T17:44:01.000+0000",
            "layers": [],
            "memory_size": 128,
            "package_type": "Zip",
            "publish": false,
            "qualified_arn": "arn:aws:lambda:eu-central-1:989248678093:function:dev-cloudtechnologiesproject-lpnu-get-course-lambda:$LATEST",
            "qualified_invoke_arn": "arn:aws:apigateway:eu-central-1:lambda:path/2015-03-31/functions/arn:aws:lambda:eu-central-1:989248678093:function:dev-cloudtechnologiesproject-lpnu-get-course-lambda:$LATEST/invocations",
            "replace_security_groups_on_destroy": null,
            "replacement_security_group_ids": null,
            "reserved_concurrent_executions": -1,
            "role": "arn:aws:iam::989248678093:role/dev-cloudtechnologiesproject-lpnu-get-course-lambda-role",
            "runtime": "nodejs16.x",
            "s3_bucket": null,
            "s3_key": null,
            "s3_object_version": null,
            "signing_job_arn": "",
            "signing_profile_version_arn": "",
            "skip_destroy": false,
            "snap_start": [],
            "source_code_hash": "DUS7kHeDDaE9Pw3BNpvmy/VE7NLJsfx/OgH2+yfebFg=",
            "source_code_size": 487,
            "tags": {},
            "tags_all": {},
            "timeout": 3,
            "timeouts": null,
            "tracing_config": [
              {
                "mode": "PassThrough"
              }
            ],
            "version": "$LATEST",
            "vpc_config": []
          },
          "sensitive_attributes": [],
          "private": "eyJlMmJmYjczMC1lY2FhLTExZTYtOGY4OC0zNDM2M2JjN2M0YzAiOnsiY3JlYXRlIjo2MDAwMDAwMDAwMDAsImRlbGV0ZSI6NjAwMDAwMDAwMDAwLCJ1cGRhdGUiOjYwMDAwMDAwMDAwMH19",
          "dependencies": [
            "module.courses.aws_dynamodb_table.this",
            "module.get-course-lambda-role.aws_iam_role.iam_lambda_role",
            "module.get-course-lambda.data.archive_file.lambda_source",
            "module.get-course-lambda.data.aws_region.current"
          ]
        }
      ]
    },
    {
      "module": "module.get-course-lambda-role",
      "mode": "managed",
      "type": "aws_iam_role",
      "name": "iam_lambda_role",
      "provider": "provider[\"registry.terraform.io/hashicorp/aws\"]",
      "instances": [
        {
          "schema_version": 0,
          "attributes": {
            "arn": "arn:aws:iam::989248678093:role/dev-cloudtechnologiesproject-lpnu-get-course-lambda-role",
            "assume_role_policy": "{\"Statement\":[{\"Action\":\"sts:AssumeRole\",\"Effect\":\"Allow\",\"Principal\":{\"Service\":\"lambda.amazonaws.com\"},\"Sid\":\"\"}],\"Version\":\"2012-10-17\"}",
            "create_date": "2023-03-26T12:56:58Z",
            "description": "",
            "force_detach_policies": false,
            "id": "dev-cloudtechnologiesproject-lpnu-get-course-lambda-role",
            "inline_policy": [
              {
                "name": "dev-cloudtechnologiesproject-lpnu-get-course-lambda-role",
                "policy": "{\"Version\":\"2012-10-17\",\"Statement\":[{\"Action\":[\"dynamodb:GetItem\"],\"Effect\":\"Allow\",\"Resource\":\"arn:aws:dynamodb:eu-central-1:989248678093:table/dev-cloudtechnologiesproject-lpnu-courses\"}]}"
              }
            ],
            "managed_policy_arns": [],
            "max_session_duration": 3600,
            "name": "dev-cloudtechnologiesproject-lpnu-get-course-lambda-role",
            "name_prefix": "",
            "path": "/",
            "permissions_boundary": null,
            "tags": {},
            "tags_all": {},
            "unique_id": "AROA6MU6Q5DG5N7QNCPRE"
          },
          "sensitive_attributes": [],
          "private": "bnVsbA=="
        }
      ]
    },
    {
      "module": "module.get-course-lambda-role",
      "mode": "managed",
      "type": "aws_iam_role_policy",
      "name": "iam_lambda_policy",
      "provider": "provider[\"registry.terraform.io/hashicorp/aws\"]",
      "instances": [
        {
          "schema_version": 0,
          "attributes": {
            "id": "dev-cloudtechnologiesproject-lpnu-get-course-lambda-role:dev-cloudtechnologiesproject-lpnu-get-course-lambda-role",
            "name": "dev-cloudtechnologiesproject-lpnu-get-course-lambda-role",
            "name_prefix": null,
            "policy": "{\"Version\":\"2012-10-17\",\"Statement\":[{\"Action\":[\"dynamodb:GetItem\"],\"Effect\":\"Allow\",\"Resource\":\"arn:aws:dynamodb:eu-central-1:989248678093:table/dev-cloudtechnologiesproject-lpnu-courses\"}]}",
            "role": "dev-cloudtechnologiesproject-lpnu-get-course-lambda-role"
          },
          "sensitive_attributes": [],
          "private": "bnVsbA==",
          "dependencies": [
            "module.courses.aws_dynamodb_table.this",
            "module.get-course-lambda-role.aws_iam_role.iam_lambda_role"
          ]
        }
      ]
    },
    {
      "module": "module.save-course-lambda",
      "mode": "data",
      "type": "archive_file",
      "name": "lambda_source",
      "provider": "provider[\"registry.terraform.io/hashicorp/archive\"]",
      "instances": [
        {
          "schema_version": 0,
          "attributes": {
            "excludes": null,
            "id": "ed4b9c80a25c153d6175fdfdd7933d56ae049efb",
            "output_base64sha256": "fpYqcQ3q0ZhxM6lVksSz9dXRMMEtrf7lgC6/k00hTEk=",
            "output_file_mode": null,
            "output_md5": "4030c5b8be594d34b0c60517bd2cc460",
            "output_path": "./lambda-payloads/save-course-lambda_payload.zip",
            "output_sha": "ed4b9c80a25c153d6175fdfdd7933d56ae049efb",
            "output_size": 634,
            "source": [],
            "source_content": null,
            "source_content_filename": null,
            "source_dir": null,
            "source_file": "./lambda-sources/save-course/index.js",
            "type": "zip"
          },
          "sensitive_attributes": []
        }
      ]
    },
    {
      "module": "module.save-course-lambda",
      "mode": "data",
      "type": "aws_region",
      "name": "current",
      "provider": "provider[\"registry.terraform.io/hashicorp/aws\"]",
      "instances": [
        {
          "schema_version": 0,
          "attributes": {
            "description": "Europe (Frankfurt)",
            "endpoint": "ec2.eu-central-1.amazonaws.com",
            "id": "eu-central-1",
            "name": "eu-central-1"
          },
          "sensitive_attributes": []
        }
      ]
    },
    {
      "module": "module.save-course-lambda",
      "mode": "managed",
      "type": "aws_lambda_function",
      "name": "lambda",
      "provider": "provider[\"registry.terraform.io/hashicorp/aws\"]",
      "instances": [
        {
          "schema_version": 0,
          "attributes": {
            "architectures": [
              "x86_64"
            ],
            "arn": "arn:aws:lambda:eu-central-1:989248678093:function:dev-cloudtechnologiesproject-lpnu-save-course-lambda",
            "code_signing_config_arn": "",
            "dead_letter_config": [],
            "description": "",
            "environment": [
              {
                "variables": {
                  "aws_region": "eu-central-1",
                  "table_name": "dev-cloudtechnologiesproject-lpnu-courses"
                }
              }
            ],
            "ephemeral_storage": [
              {
                "size": 512
              }
            ],
            "file_system_config": [],
            "filename": "./lambda-payloads/save-course-lambda_payload.zip",
            "function_name": "dev-cloudtechnologiesproject-lpnu-save-course-lambda",
            "handler": "index.handler",
            "id": "dev-cloudtechnologiesproject-lpnu-save-course-lambda",
            "image_config": [],
            "image_uri": "",
            "invoke_arn": "arn:aws:apigateway:eu-central-1:lambda:path/2015-03-31/functions/arn:aws:lambda:eu-central-1:989248678093:function:dev-cloudtechnologiesproject-lpnu-save-course-lambda/invocations",
            "kms_key_arn": "",
            "last_modified": "2023-03-26T17:35:11.000+0000",
            "layers": [],
            "memory_size": 128,
            "package_type": "Zip",
            "publish": false,
            "qualified_arn": "arn:aws:lambda:eu-central-1:989248678093:function:dev-cloudtechnologiesproject-lpnu-save-course-lambda:$LATEST",
            "qualified_invoke_arn": "arn:aws:apigateway:eu-central-1:lambda:path/2015-03-31/functions/arn:aws:lambda:eu-central-1:989248678093:function:dev-cloudtechnologiesproject-lpnu-save-course-lambda:$LATEST/invocations",
            "replace_security_groups_on_destroy": null,
            "replacement_security_group_ids": null,
            "reserved_concurrent_executions": -1,
            "role": "arn:aws:iam::989248678093:role/dev-cloudtechnologiesproject-lpnu-save-course-lambda-role",
            "runtime": "nodejs16.x",
            "s3_bucket": null,
            "s3_key": null,
            "s3_object_version": null,
            "signing_job_arn": "",
            "signing_profile_version_arn": "",
            "skip_destroy": false,
            "snap_start": [],
            "source_code_hash": "fpYqcQ3q0ZhxM6lVksSz9dXRMMEtrf7lgC6/k00hTEk=",
            "source_code_size": 634,
            "tags": {},
            "tags_all": {},
            "timeout": 3,
            "timeouts": null,
            "tracing_config": [
              {
                "mode": "PassThrough"
              }
            ],
            "version": "$LATEST",
            "vpc_config": []
          },
          "sensitive_attributes": [],
          "private": "eyJlMmJmYjczMC1lY2FhLTExZTYtOGY4OC0zNDM2M2JjN2M0YzAiOnsiY3JlYXRlIjo2MDAwMDAwMDAwMDAsImRlbGV0ZSI6NjAwMDAwMDAwMDAwLCJ1cGRhdGUiOjYwMDAwMDAwMDAwMH19",
          "dependencies": [
            "module.courses.aws_dynamodb_table.this",
            "module.save-course-lambda-role.aws_iam_role.iam_lambda_role",
            "module.save-course-lambda.data.archive_file.lambda_source",
            "module.save-course-lambda.data.aws_region.current"
          ]
        }
      ]
    },
    {
      "module": "module.save-course-lambda-role",
      "mode": "managed",
      "type": "aws_iam_role",
      "name": "iam_lambda_role",
      "provider": "provider[\"registry.terraform.io/hashicorp/aws\"]",
      "instances": [
        {
          "schema_version": 0,
          "attributes": {
            "arn": "arn:aws:iam::989248678093:role/dev-cloudtechnologiesproject-lpnu-save-course-lambda-role",
            "assume_role_policy": "{\"Statement\":[{\"Action\":\"sts:AssumeRole\",\"Effect\":\"Allow\",\"Principal\":{\"Service\":\"lambda.amazonaws.com\"},\"Sid\":\"\"}],\"Version\":\"2012-10-17\"}",
            "create_date": "2023-03-26T12:56:58Z",
            "description": "",
            "force_detach_policies": false,
            "id": "dev-cloudtechnologiesproject-lpnu-save-course-lambda-role",
            "inline_policy": [
              {
                "name": "dev-cloudtechnologiesproject-lpnu-save-course-lambda-role",
                "policy": "{\"Version\":\"2012-10-17\",\"Statement\":[{\"Action\":[\"dynamodb:PutItem\"],\"Effect\":\"Allow\",\"Resource\":\"arn:aws:dynamodb:eu-central-1:989248678093:table/dev-cloudtechnologiesproject-lpnu-courses\"}]}"
              }
            ],
            "managed_policy_arns": [],
            "max_session_duration": 3600,
            "name": "dev-cloudtechnologiesproject-lpnu-save-course-lambda-role",
            "name_prefix": "",
            "path": "/",
            "permissions_boundary": null,
            "tags": {},
            "tags_all": {},
            "unique_id": "AROA6MU6Q5DGU6HKJMROA"
          },
          "sensitive_attributes": [],
          "private": "bnVsbA=="
        }
      ]
    },
    {
      "module": "module.save-course-lambda-role",
      "mode": "managed",
      "type": "aws_iam_role_policy",
      "name": "iam_lambda_policy",
      "provider": "provider[\"registry.terraform.io/hashicorp/aws\"]",
      "instances": [
        {
          "schema_version": 0,
          "attributes": {
            "id": "dev-cloudtechnologiesproject-lpnu-save-course-lambda-role:dev-cloudtechnologiesproject-lpnu-save-course-lambda-role",
            "name": "dev-cloudtechnologiesproject-lpnu-save-course-lambda-role",
            "name_prefix": null,
            "policy": "{\"Version\":\"2012-10-17\",\"Statement\":[{\"Action\":[\"dynamodb:PutItem\"],\"Effect\":\"Allow\",\"Resource\":\"arn:aws:dynamodb:eu-central-1:989248678093:table/dev-cloudtechnologiesproject-lpnu-courses\"}]}",
            "role": "dev-cloudtechnologiesproject-lpnu-save-course-lambda-role"
          },
          "sensitive_attributes": [],
          "private": "bnVsbA==",
          "dependencies": [
            "module.courses.aws_dynamodb_table.this",
            "module.save-course-lambda-role.aws_iam_role.iam_lambda_role"
          ]
        }
      ]
    },
    {
      "module": "module.update-course-lambda",
      "mode": "data",
      "type": "archive_file",
      "name": "lambda_source",
      "provider": "provider[\"registry.terraform.io/hashicorp/archive\"]",
      "instances": [
        {
          "schema_version": 0,
          "attributes": {
            "excludes": null,
            "id": "00922d7816294ca385838fa3bf39b6d39011df7a",
            "output_base64sha256": "eYCbqCfbKE1nqax3cqpjG3QrJyrZRbI9Y4E01Du5xq0=",
            "output_file_mode": null,
            "output_md5": "a9a0e63d203a0c1efcba4adf7cfd562e",
            "output_path": "./lambda-payloads/update-course-lambda_payload.zip",
            "output_sha": "00922d7816294ca385838fa3bf39b6d39011df7a",
            "output_size": 528,
            "source": [],
            "source_content": null,
            "source_content_filename": null,
            "source_dir": null,
            "source_file": "./lambda-sources/update-course/index.js",
            "type": "zip"
          },
          "sensitive_attributes": []
        }
      ]
    },
    {
      "module": "module.update-course-lambda",
      "mode": "data",
      "type": "aws_region",
      "name": "current",
      "provider": "provider[\"registry.terraform.io/hashicorp/aws\"]",
      "instances": [
        {
          "schema_version": 0,
          "attributes": {
            "description": "Europe (Frankfurt)",
            "endpoint": "ec2.eu-central-1.amazonaws.com",
            "id": "eu-central-1",
            "name": "eu-central-1"
          },
          "sensitive_attributes": []
        }
      ]
    },
    {
      "module": "module.update-course-lambda",
      "mode": "managed",
      "type": "aws_lambda_function",
      "name": "lambda",
      "provider": "provider[\"registry.terraform.io/hashicorp/aws\"]",
      "instances": [
        {
          "schema_version": 0,
          "attributes": {
            "architectures": [
              "x86_64"
            ],
            "arn": "arn:aws:lambda:eu-central-1:989248678093:function:dev-cloudtechnologiesproject-lpnu-update-course-lambda",
            "code_signing_config_arn": "",
            "dead_letter_config": [],
            "description": "",
            "environment": [
              {
                "variables": {
                  "aws_region": "eu-central-1",
                  "table_name": "dev-cloudtechnologiesproject-lpnu-courses"
                }
              }
            ],
            "ephemeral_storage": [
              {
                "size": 512
              }
            ],
            "file_system_config": [],
            "filename": "./lambda-payloads/update-course-lambda_payload.zip",
            "function_name": "dev-cloudtechnologiesproject-lpnu-update-course-lambda",
            "handler": "index.handler",
            "id": "dev-cloudtechnologiesproject-lpnu-update-course-lambda",
            "image_config": [],
            "image_uri": "",
            "invoke_arn": "arn:aws:apigateway:eu-central-1:lambda:path/2015-03-31/functions/arn:aws:lambda:eu-central-1:989248678093:function:dev-cloudtechnologiesproject-lpnu-update-course-lambda/invocations",
            "kms_key_arn": "",
            "last_modified": "2023-03-26T17:43:55.000+0000",
            "layers": [],
            "memory_size": 128,
            "package_type": "Zip",
            "publish": false,
            "qualified_arn": "arn:aws:lambda:eu-central-1:989248678093:function:dev-cloudtechnologiesproject-lpnu-update-course-lambda:$LATEST",
            "qualified_invoke_arn": "arn:aws:apigateway:eu-central-1:lambda:path/2015-03-31/functions/arn:aws:lambda:eu-central-1:989248678093:function:dev-cloudtechnologiesproject-lpnu-update-course-lambda:$LATEST/invocations",
            "replace_security_groups_on_destroy": null,
            "replacement_security_group_ids": null,
            "reserved_concurrent_executions": -1,
            "role": "arn:aws:iam::989248678093:role/dev-cloudtechnologiesproject-lpnu-update-course-lambda-role",
            "runtime": "nodejs16.x",
            "s3_bucket": null,
            "s3_key": null,
            "s3_object_version": null,
            "signing_job_arn": "",
            "signing_profile_version_arn": "",
            "skip_destroy": false,
            "snap_start": [],
            "source_code_hash": "eYCbqCfbKE1nqax3cqpjG3QrJyrZRbI9Y4E01Du5xq0=",
            "source_code_size": 528,
            "tags": {},
            "tags_all": {},
            "timeout": 3,
            "timeouts": null,
            "tracing_config": [
              {
                "mode": "PassThrough"
              }
            ],
            "version": "$LATEST",
            "vpc_config": []
          },
          "sensitive_attributes": [],
          "private": "eyJlMmJmYjczMC1lY2FhLTExZTYtOGY4OC0zNDM2M2JjN2M0YzAiOnsiY3JlYXRlIjo2MDAwMDAwMDAwMDAsImRlbGV0ZSI6NjAwMDAwMDAwMDAwLCJ1cGRhdGUiOjYwMDAwMDAwMDAwMH19",
          "dependencies": [
            "module.courses.aws_dynamodb_table.this",
            "module.update-course-lambda-role.aws_iam_role.iam_lambda_role",
            "module.update-course-lambda.data.archive_file.lambda_source",
            "module.update-course-lambda.data.aws_region.current"
          ]
        }
      ]
    },
    {
      "module": "module.update-course-lambda-role",
      "mode": "managed",
      "type": "aws_iam_role",
      "name": "iam_lambda_role",
      "provider": "provider[\"registry.terraform.io/hashicorp/aws\"]",
      "instances": [
        {
          "schema_version": 0,
          "attributes": {
            "arn": "arn:aws:iam::989248678093:role/dev-cloudtechnologiesproject-lpnu-update-course-lambda-role",
            "assume_role_policy": "{\"Statement\":[{\"Action\":\"sts:AssumeRole\",\"Effect\":\"Allow\",\"Principal\":{\"Service\":\"lambda.amazonaws.com\"},\"Sid\":\"\"}],\"Version\":\"2012-10-17\"}",
            "create_date": "2023-03-26T12:56:58Z",
            "description": "",
            "force_detach_policies": false,
            "id": "dev-cloudtechnologiesproject-lpnu-update-course-lambda-role",
            "inline_policy": [
              {
                "name": "dev-cloudtechnologiesproject-lpnu-update-course-lambda-role",
                "policy": "{\"Version\":\"2012-10-17\",\"Statement\":[{\"Action\":[\"dynamodb:PutItem\"],\"Effect\":\"Allow\",\"Resource\":\"arn:aws:dynamodb:eu-central-1:989248678093:table/dev-cloudtechnologiesproject-lpnu-courses\"}]}"
              }
            ],
            "managed_policy_arns": [],
            "max_session_duration": 3600,
            "name": "dev-cloudtechnologiesproject-lpnu-update-course-lambda-role",
            "name_prefix": "",
            "path": "/",
            "permissions_boundary": null,
            "tags": {},
            "tags_all": {},
            "unique_id": "AROA6MU6Q5DGQYYBTD5I5"
          },
          "sensitive_attributes": [],
          "private": "bnVsbA=="
        }
      ]
    },
    {
      "module": "module.update-course-lambda-role",
      "mode": "managed",
      "type": "aws_iam_role_policy",
      "name": "iam_lambda_policy",
      "provider": "provider[\"registry.terraform.io/hashicorp/aws\"]",
      "instances": [
        {
          "schema_version": 0,
          "attributes": {
            "id": "dev-cloudtechnologiesproject-lpnu-update-course-lambda-role:dev-cloudtechnologiesproject-lpnu-update-course-lambda-role",
            "name": "dev-cloudtechnologiesproject-lpnu-update-course-lambda-role",
            "name_prefix": null,
            "policy": "{\"Version\":\"2012-10-17\",\"Statement\":[{\"Action\":[\"dynamodb:PutItem\"],\"Effect\":\"Allow\",\"Resource\":\"arn:aws:dynamodb:eu-central-1:989248678093:table/dev-cloudtechnologiesproject-lpnu-courses\"}]}",
            "role": "dev-cloudtechnologiesproject-lpnu-update-course-lambda-role"
          },
          "sensitive_attributes": [],
          "private": "bnVsbA==",
          "dependencies": [
            "module.courses.aws_dynamodb_table.this",
            "module.update-course-lambda-role.aws_iam_role.iam_lambda_role"
          ]
        }
      ]
    }
  ],
  "check_results": null
}
